
Microsoft Visual Studio Solution File, Format Version 12.00
# Visual Studio Version 17
VisualStudioVersion = 17.0.32126.317
MinimumVisualStudioVersion = 10.0.40219.1
Project("{FAE04EC0-301F-11D3-BF4B-00C04F79EFBC}") = "CoreApI", "CoreApI\CoreApI.csproj", "{47D29C51-31ED-48B6-AC0B-18A959161A9D}"
EndProject
Global
	GlobalSection(SolutionConfigurationPlatforms) = preSolution
		Debug|Any CPU = Debug|Any CPU
		Release|Any CPU = Release|Any CPU
	EndGlobalSection
	GlobalSection(ProjectConfigurationPlatforms) = postSolution
		{47D29C51-31ED-48B6-AC0B-18A959161A9D}.Debug|Any CPU.ActiveCfg = Debug|Any CPU
		{47D29C51-31ED-48B6-AC0B-18A959161A9D}.Debug|Any CPU.Build.0 = Debug|Any CPU
		{47D29C51-31ED-48B6-AC0B-18A959161A9D}.Release|Any CPU.ActiveCfg = Release|Any CPU
		{47D29C51-31ED-48B6-AC0B-18A959161A9D}.Release|Any CPU.Build.0 = Release|Any CPU
	EndGlobalSection
	GlobalSection(SolutionProperties) = preSolution
		HideSolutionNode = FALSE
	EndGlobalSection
	GlobalSection(ExtensibilityGlobals) = postSolution
		SolutionGuid = {D879DDFA-FA8B-469E-A65B-566AB7F67CB7}
	EndGlobalSection
EndGlobal
